<Solution>
  <Folder Name="/AIClient/">
    <Project Path="AIClient/Rag.AIClient.Engine.Custom/Rag.AIClient.Engine.Custom.csproj" />
    <Project Path="AIClient/Rag.AIClient.Engine/Rag.AIClient.Engine.csproj" />
    <Project Path="AIClient/Rag.AIClient/Rag.AIClient.csproj" />
  </Folder>
  <Folder Name="/Function/">
    <Project Path="Function/Rag.MoviesFunction.CosmosDbChangeFeed/Rag.MoviesFunction.CosmosDbChangeFeed.csproj" />
    <Project Path="Function/Rag.MoviesFunction.SqlChangeEventStreaming/Rag.MoviesFunction.SqlChangeEventStreaming.csproj" />
  </Folder>
  <Folder Name="/SqlDatabase/">
    <Project Path="SqlDatabase/Rag.MoviesDatabase.AzureSql/Rag.MoviesDatabase.AzureSql.sqlproj" Id="53e43451-2202-40c8-9967-09cab915af1f">
      <Build />
      <Deploy />
    </Project>
    <Project Path="SqlDatabase/Rag.MoviesDatabase.SqlServer2022/Rag.MoviesDatabase.SqlServer2022.sqlproj" Id="e698a16d-82ed-4e4f-a7ad-ea522074c94e">
      <Build />
      <Deploy />
    </Project>
    <Project Path="SqlDatabase/Rag.MoviesDatabase.SqlServer2025/Rag.MoviesDatabase.SqlServer2025.sqlproj" Id="97e3370d-c8fa-4e3d-8f7a-80e96ab54d8f">
      <Build />
      <Deploy />
    </Project>
  </Folder>
</Solution>
